// !$*UTF8*$!
{
	archiveVersion = 1;
	classes = {
	};
	objectVersion = 50;
	objects = {

/* Begin PBXBuildFile section */
		4C50369D23208BDC008D23A9 /* AppDelegate.swift in Sources */ = {isa = PBXBuildFile; fileRef = 4C50369C23208BDC008D23A9 /* AppDelegate.swift */; };
		4C50369F23208BDC008D23A9 /* ViewController.swift in Sources */ = {isa = PBXBuildFile; fileRef = 4C50369E23208BDC008D23A9 /* ViewController.swift */; };
		4C5036A223208BDC008D23A9 /* Main.storyboard in Resources */ = {isa = PBXBuildFile; fileRef = 4C5036A023208BDC008D23A9 /* Main.storyboard */; };
		4C5036A423208BF1008D23A9 /* Assets.xcassets in Resources */ = {isa = PBXBuildFile; fileRef = 4C5036A323208BF1008D23A9 /* Assets.xcassets */; };
		4C5036A723208BF1008D23A9 /* LaunchScreen.storyboard in Resources */ = {isa = PBXBuildFile; fileRef = 4C5036A523208BF1008D23A9 /* LaunchScreen.storyboard */; };
		B8294332237E8109008144CD /* ImagePickerController.swift in Sources */ = {isa = PBXBuildFile; fileRef = B8294331237E8109008144CD /* ImagePickerController.swift */; };
		B8294334237E932A008144CD /* UIImagePickerController+Rx.swift in Sources */ = {isa = PBXBuildFile; fileRef = B8294333237E932A008144CD /* UIImagePickerController+Rx.swift */; };
		B8294336237E9341008144CD /* UIImagePickerController+RxCreate.swift in Sources */ = {isa = PBXBuildFile; fileRef = B8294335237E9341008144CD /* UIImagePickerController+RxCreate.swift */; };
		B8294338237E9B7C008144CD /* RxImagePickerDelegateProxy.swift in Sources */ = {isa = PBXBuildFile; fileRef = B8294337237E9B7C008144CD /* RxImagePickerDelegateProxy.swift */; };
		B8530A0E237E4C0B002923A2 /* BaseViewController.swift in Sources */ = {isa = PBXBuildFile; fileRef = B8530A0D237E4C0B002923A2 /* BaseViewController.swift */; };
		B86C95482373A184001AE7D5 /* Pods_rxswift_learning.framework in Frameworks */ = {isa = PBXBuildFile; fileRef = B86C95472373A184001AE7D5 /* Pods_rxswift_learning.framework */; };
		B86C95492373A184001AE7D5 /* Pods_rxswift_learning.framework in Embed Frameworks */ = {isa = PBXBuildFile; fileRef = B86C95472373A184001AE7D5 /* Pods_rxswift_learning.framework */; settings = {ATTRIBUTES = (CodeSignOnCopy, RemoveHeadersOnCopy, ); }; };
		B86C954D2373A220001AE7D5 /* ObservableIntroduceCreateViewController.swift in Sources */ = {isa = PBXBuildFile; fileRef = B86C954C2373A220001AE7D5 /* ObservableIntroduceCreateViewController.swift */; };
		B86C95502373B827001AE7D5 /* ObservableSubscribeDoonDisposeViewController.swift in Sources */ = {isa = PBXBuildFile; fileRef = B86C954F2373B827001AE7D5 /* ObservableSubscribeDoonDisposeViewController.swift */; };
		B86C95532373C317001AE7D5 /* AnyObserverBinderViewController.swift in Sources */ = {isa = PBXBuildFile; fileRef = B86C95522373C317001AE7D5 /* AnyObserverBinderViewController.swift */; };
		B86C95562373E493001AE7D5 /* CustomBindablePropertyViewController.swift in Sources */ = {isa = PBXBuildFile; fileRef = B86C95552373E493001AE7D5 /* CustomBindablePropertyViewController.swift */; };
		B86C95592373F028001AE7D5 /* SubjectsVariablesViewController.swift in Sources */ = {isa = PBXBuildFile; fileRef = B86C95582373F028001AE7D5 /* SubjectsVariablesViewController.swift */; };
		B86C955D2374F384001AE7D5 /* BufferMapFlatMapScanViewController.swift in Sources */ = {isa = PBXBuildFile; fileRef = B86C955C2374F384001AE7D5 /* BufferMapFlatMapScanViewController.swift */; };
		B86C956023751437001AE7D5 /* FilterTakeSkipViewController.swift in Sources */ = {isa = PBXBuildFile; fileRef = B86C955F23751437001AE7D5 /* FilterTakeSkipViewController.swift */; };
		B86C956323751DC2001AE7D5 /* AmbTakeWhileSkipWhileViewController.swift in Sources */ = {isa = PBXBuildFile; fileRef = B86C956223751DC2001AE7D5 /* AmbTakeWhileSkipWhileViewController.swift */; };
		B86C956623754842001AE7D5 /* StartWithMergeZipViewController.swift in Sources */ = {isa = PBXBuildFile; fileRef = B86C956523754842001AE7D5 /* StartWithMergeZipViewController.swift */; };
		B86C9569237558BC001AE7D5 /* ToArrayReduceConcatViewController.swift in Sources */ = {isa = PBXBuildFile; fileRef = B86C9568237558BC001AE7D5 /* ToArrayReduceConcatViewController.swift */; };
		B86C956C23755ED5001AE7D5 /* ConnectPublishReplayMulticastViewController.swift in Sources */ = {isa = PBXBuildFile; fileRef = B86C956B23755ED5001AE7D5 /* ConnectPublishReplayMulticastViewController.swift */; };
		B86C956F2378F3BF001AE7D5 /* SingleCompletableMaybeViewController.swift in Sources */ = {isa = PBXBuildFile; fileRef = B86C956E2378F3BF001AE7D5 /* SingleCompletableMaybeViewController.swift */; };
		B86C95722379100C001AE7D5 /* DriverViewController.swift in Sources */ = {isa = PBXBuildFile; fileRef = B86C95712379100C001AE7D5 /* DriverViewController.swift */; };
		B86C957523793047001AE7D5 /* ControlPropetyControlEventViewController.swift in Sources */ = {isa = PBXBuildFile; fileRef = B86C957423793047001AE7D5 /* ControlPropetyControlEventViewController.swift */; };
		B86C957823793C0A001AE7D5 /* UIViewControllerRxExtendViewController.swift in Sources */ = {isa = PBXBuildFile; fileRef = B86C957723793C0A001AE7D5 /* UIViewControllerRxExtendViewController.swift */; };
		B86C957A23793C83001AE7D5 /* UIViewController+RxSwift.swift in Sources */ = {isa = PBXBuildFile; fileRef = B86C957923793C83001AE7D5 /* UIViewController+RxSwift.swift */; };
		B86C957D23795AC7001AE7D5 /* SubscribeOnObserveOnViewController.swift in Sources */ = {isa = PBXBuildFile; fileRef = B86C957C23795AC7001AE7D5 /* SubscribeOnObserveOnViewController.swift */; };
		B86C958023795B81001AE7D5 /* UILabelViewController.swift in Sources */ = {isa = PBXBuildFile; fileRef = B86C957F23795B81001AE7D5 /* UILabelViewController.swift */; };
		B86C958323796571001AE7D5 /* UITextFieldUITextViewViewController.swift in Sources */ = {isa = PBXBuildFile; fileRef = B86C958223796571001AE7D5 /* UITextFieldUITextViewViewController.swift */; };
		B86C9586237A428C001AE7D5 /* UIButtonUIBarButtonItemViewController.swift in Sources */ = {isa = PBXBuildFile; fileRef = B86C9585237A428C001AE7D5 /* UIButtonUIBarButtonItemViewController.swift */; };
		B86C9589237A55EC001AE7D5 /* UISwitchUISegmentControlViewController.swift in Sources */ = {isa = PBXBuildFile; fileRef = B86C9588237A55EC001AE7D5 /* UISwitchUISegmentControlViewController.swift */; };
		B86C958C237A5A78001AE7D5 /* UISliderUIStepperViewController.swift in Sources */ = {isa = PBXBuildFile; fileRef = B86C958B237A5A78001AE7D5 /* UISliderUIStepperViewController.swift */; };
		B86C958F237A5BD9001AE7D5 /* BindViewController.swift in Sources */ = {isa = PBXBuildFile; fileRef = B86C958E237A5BD9001AE7D5 /* BindViewController.swift */; };
		B86C9592237A5FA9001AE7D5 /* UIGestureRecgnizerViewController.swift in Sources */ = {isa = PBXBuildFile; fileRef = B86C9591237A5FA9001AE7D5 /* UIGestureRecgnizerViewController.swift */; };
		B86C9595237A62A0001AE7D5 /* UITableViewViewController.swift in Sources */ = {isa = PBXBuildFile; fileRef = B86C9594237A62A0001AE7D5 /* UITableViewViewController.swift */; };
		B86C9598237A96C8001AE7D5 /* RxDataSourcesViewController.swift in Sources */ = {isa = PBXBuildFile; fileRef = B86C9597237A96C8001AE7D5 /* RxDataSourcesViewController.swift */; };
		B86C959B237AA23E001AE7D5 /* RefreshTableViewViewController.swift in Sources */ = {isa = PBXBuildFile; fileRef = B86C959A237AA23E001AE7D5 /* RefreshTableViewViewController.swift */; };
		B86C959E237AAB11001AE7D5 /* TableViewSearchFilterViewController.swift in Sources */ = {isa = PBXBuildFile; fileRef = B86C959D237AAB11001AE7D5 /* TableViewSearchFilterViewController.swift */; };
		B86C95A1237AAF73001AE7D5 /* EditableTableViewViewController.swift in Sources */ = {isa = PBXBuildFile; fileRef = B86C95A0237AAF73001AE7D5 /* EditableTableViewViewController.swift */; };
		B86C95A4237BA279001AE7D5 /* DifferentKindCellViewController.swift in Sources */ = {isa = PBXBuildFile; fileRef = B86C95A3237BA279001AE7D5 /* DifferentKindCellViewController.swift */; };
		B86C95A7237BAEA8001AE7D5 /* ChangeStyleViewController.swift in Sources */ = {isa = PBXBuildFile; fileRef = B86C95A6237BAEA8001AE7D5 /* ChangeStyleViewController.swift */; };
		B86C95AA237BD864001AE7D5 /* MyCollectionViewCell.swift in Sources */ = {isa = PBXBuildFile; fileRef = B86C95A9237BD864001AE7D5 /* MyCollectionViewCell.swift */; };
		B86C95AC237BD8B4001AE7D5 /* UICollectionViewViewController.swift in Sources */ = {isa = PBXBuildFile; fileRef = B86C95AB237BD8B4001AE7D5 /* UICollectionViewViewController.swift */; };
		B86C95AF237BF88D001AE7D5 /* UIPickerViewViewController.swift in Sources */ = {isa = PBXBuildFile; fileRef = B86C95AE237BF88D001AE7D5 /* UIPickerViewViewController.swift */; };
		B86C95B2237BFDAC001AE7D5 /* GitHubNetworkService.swift in Sources */ = {isa = PBXBuildFile; fileRef = B86C95B1237BFDAC001AE7D5 /* GitHubNetworkService.swift */; };
		B86C95B4237BFE7D001AE7D5 /* GitHubModel.swift in Sources */ = {isa = PBXBuildFile; fileRef = B86C95B3237BFE7D001AE7D5 /* GitHubModel.swift */; };
		B86C95B6237C0015001AE7D5 /* GitHubAPI.swift in Sources */ = {isa = PBXBuildFile; fileRef = B86C95B5237C0015001AE7D5 /* GitHubAPI.swift */; };
		B86C95B9237C060A001AE7D5 /* BindingExtensions.swift in Sources */ = {isa = PBXBuildFile; fileRef = B86C95B8237C060A001AE7D5 /* BindingExtensions.swift */; };
		B86C95BB237C0674001AE7D5 /* ValidationResult.swift in Sources */ = {isa = PBXBuildFile; fileRef = B86C95BA237C0674001AE7D5 /* ValidationResult.swift */; };
		B86C95BD237C0B61001AE7D5 /* UserRegisterService.swift in Sources */ = {isa = PBXBuildFile; fileRef = B86C95BC237C0B61001AE7D5 /* UserRegisterService.swift */; };
		B86C95BF237CE2F1001AE7D5 /* UserRegisterNetworkService.swift in Sources */ = {isa = PBXBuildFile; fileRef = B86C95BE237CE2F1001AE7D5 /* UserRegisterNetworkService.swift */; };
		B86C95C1237D02FB001AE7D5 /* UserRegitserViewModel.swift in Sources */ = {isa = PBXBuildFile; fileRef = B86C95C0237D02FB001AE7D5 /* UserRegitserViewModel.swift */; };
		B86C95C3237D392D001AE7D5 /* MVVMDriverRegisterViewController.swift in Sources */ = {isa = PBXBuildFile; fileRef = B86C95C2237D392D001AE7D5 /* MVVMDriverRegisterViewController.swift */; };
		B86E048E237265AA00832DAF /* NotificationCenterViewController.swift in Sources */ = {isa = PBXBuildFile; fileRef = B86E048D237265AA00832DAF /* NotificationCenterViewController.swift */; };
		B86E049023726AE700832DAF /* UITableViewCellButtonViewController.swift in Sources */ = {isa = PBXBuildFile; fileRef = B86E048F23726AE700832DAF /* UITableViewCellButtonViewController.swift */; };
		B86E049323726D7000832DAF /* MyTableViewCell.swift in Sources */ = {isa = PBXBuildFile; fileRef = B86E049223726D7000832DAF /* MyTableViewCell.swift */; };
		B8A9DA102372AC90001B923B /* MJRefresh+Rx.swift in Sources */ = {isa = PBXBuildFile; fileRef = B8A9DA0F2372AC90001B923B /* MJRefresh+Rx.swift */; };
		B8A9DA122372B19A001B923B /* MJRefreshNetworkService.swift in Sources */ = {isa = PBXBuildFile; fileRef = B8A9DA112372B19A001B923B /* MJRefreshNetworkService.swift */; };
		B8A9DA142372BBAC001B923B /* MJRefreshViewModel.swift in Sources */ = {isa = PBXBuildFile; fileRef = B8A9DA132372BBAC001B923B /* MJRefreshViewModel.swift */; };
		B8A9DA162372BE14001B923B /* MJHeaderRefreshViewController.swift in Sources */ = {isa = PBXBuildFile; fileRef = B8A9DA152372BE14001B923B /* MJHeaderRefreshViewController.swift */; };
		B8CB82242341F9BC005BAB43 /* CoreText.framework in Frameworks */ = {isa = PBXBuildFile; fileRef = B8CB82232341F9BC005BAB43 /* CoreText.framework */; };
		B8CB82262341F9C7005BAB43 /* Foundation.framework in Frameworks */ = {isa = PBXBuildFile; fileRef = B8CB82252341F9C7005BAB43 /* Foundation.framework */; };
		B8CB82282341F9CD005BAB43 /* OpenGLES.framework in Frameworks */ = {isa = PBXBuildFile; fileRef = B8CB82272341F9CD005BAB43 /* OpenGLES.framework */; };
		B8CB822A2341F9D4005BAB43 /* CoreTelephony.framework in Frameworks */ = {isa = PBXBuildFile; fileRef = B8CB82292341F9D4005BAB43 /* CoreTelephony.framework */; };
		B8CB822C2341F9DC005BAB43 /* CoreGraphics.framework in Frameworks */ = {isa = PBXBuildFile; fileRef = B8CB822B2341F9DC005BAB43 /* CoreGraphics.framework */; };
		B8CB822E2341F9E3005BAB43 /* SystemConfiguration.framework in Frameworks */ = {isa = PBXBuildFile; fileRef = B8CB822D2341F9E3005BAB43 /* SystemConfiguration.framework */; };
		B8CB828E2341FB18005BAB43 /* CoreMotion.framework in Frameworks */ = {isa = PBXBuildFile; fileRef = B8CB828D2341FB18005BAB43 /* CoreMotion.framework */; };
		B8CB82902341FCB2005BAB43 /* libc++.tbd in Frameworks */ = {isa = PBXBuildFile; fileRef = B8CB828F2341FB2B005BAB43 /* libc++.tbd */; };
		B8CB82912341FCC0005BAB43 /* libz.tbd in Frameworks */ = {isa = PBXBuildFile; fileRef = B8CB82222341F9A8005BAB43 /* libz.tbd */; };
		B8F4A18A237271630002FA33 /* MJRefreshHeaderAndFooterViewController.swift in Sources */ = {isa = PBXBuildFile; fileRef = B8F4A189237271630002FA33 /* MJRefreshHeaderAndFooterViewController.swift */; };
		B8F4A18C237272980002FA33 /* MJRefreshHeaderAndFooterViewModel.swift in Sources */ = {isa = PBXBuildFile; fileRef = B8F4A18B237272980002FA33 /* MJRefreshHeaderAndFooterViewModel.swift */; };
		B8F4A18E237277430002FA33 /* MJRefreshHeaderAndFooterNetworkService.swift in Sources */ = {isa = PBXBuildFile; fileRef = B8F4A18D237277430002FA33 /* MJRefreshHeaderAndFooterNetworkService.swift */; };
		EFB1AD08378ACC6C1C1ED6DE /* Pods_rxswift_learning.framework in Frameworks */ = {isa = PBXBuildFile; fileRef = 785E960DAC005790609ECEAA /* Pods_rxswift_learning.framework */; };
/* End PBXBuildFile section */

/* Begin PBXCopyFilesBuildPhase section */
		B86C954A2373A184001AE7D5 /* Embed Frameworks */ = {
			isa = PBXCopyFilesBuildPhase;
			buildActionMask = 2147483647;
			dstPath = "";
			dstSubfolderSpec = 10;
			files = (
				B86C95492373A184001AE7D5 /* Pods_rxswift_learning.framework in Embed Frameworks */,
			);
			name = "Embed Frameworks";
			runOnlyForDeploymentPostprocessing = 0;
		};
/* End PBXCopyFilesBuildPhase section */

/* Begin PBXFileReference section */
		238892698BAD8126872B1A32 /* Pods-rxswift-learning.debug.xcconfig */ = {isa = PBXFileReference; includeInIndex = 1; lastKnownFileType = text.xcconfig; name = "Pods-rxswift-learning.debug.xcconfig"; path = "Pods/Target Support Files/Pods-rxswift-learning/Pods-rxswift-learning.debug.xcconfig"; sourceTree = "<group>"; };
		2C07F7651554F0D627087EBD /* Pods-testSwfit.debug.xcconfig */ = {isa = PBXFileReference; includeInIndex = 1; lastKnownFileType = text.xcconfig; name = "Pods-testSwfit.debug.xcconfig"; path = "Pods/Target Support Files/Pods-testSwfit/Pods-testSwfit.debug.xcconfig"; sourceTree = "<group>"; };
		4C50369923208BDB008D23A9 /* rxswift-learning.app */ = {isa = PBXFileReference; explicitFileType = wrapper.application; includeInIndex = 0; path = "rxswift-learning.app"; sourceTree = BUILT_PRODUCTS_DIR; };
		4C50369C23208BDC008D23A9 /* AppDelegate.swift */ = {isa = PBXFileReference; lastKnownFileType = sourcecode.swift; path = AppDelegate.swift; sourceTree = "<group>"; };
		4C50369E23208BDC008D23A9 /* ViewController.swift */ = {isa = PBXFileReference; lastKnownFileType = sourcecode.swift; path = ViewController.swift; sourceTree = "<group>"; };
		4C5036A123208BDC008D23A9 /* Base */ = {isa = PBXFileReference; lastKnownFileType = file.storyboard; name = Base; path = Base.lproj/Main.storyboard; sourceTree = "<group>"; };
		4C5036A323208BF1008D23A9 /* Assets.xcassets */ = {isa = PBXFileReference; lastKnownFileType = folder.assetcatalog; path = Assets.xcassets; sourceTree = "<group>"; };
		4C5036A623208BF1008D23A9 /* Base */ = {isa = PBXFileReference; lastKnownFileType = file.storyboard; name = Base; path = Base.lproj/LaunchScreen.storyboard; sourceTree = "<group>"; };
		4C5036A823208BF1008D23A9 /* Info.plist */ = {isa = PBXFileReference; lastKnownFileType = text.plist.xml; path = Info.plist; sourceTree = "<group>"; };
		785E960DAC005790609ECEAA /* Pods_rxswift_learning.framework */ = {isa = PBXFileReference; explicitFileType = wrapper.framework; includeInIndex = 0; path = Pods_rxswift_learning.framework; sourceTree = BUILT_PRODUCTS_DIR; };
		8017CF8C482AC12AF9E2A444 /* Pods-rxswift-learning.release.xcconfig */ = {isa = PBXFileReference; includeInIndex = 1; lastKnownFileType = text.xcconfig; name = "Pods-rxswift-learning.release.xcconfig"; path = "Pods/Target Support Files/Pods-rxswift-learning/Pods-rxswift-learning.release.xcconfig"; sourceTree = "<group>"; };
		85D7833513CE92198E1AD2D2 /* Pods_testSwfit.framework */ = {isa = PBXFileReference; explicitFileType = wrapper.framework; includeInIndex = 0; path = Pods_testSwfit.framework; sourceTree = BUILT_PRODUCTS_DIR; };
		B8294331237E8109008144CD /* ImagePickerController.swift */ = {isa = PBXFileReference; lastKnownFileType = sourcecode.swift; path = ImagePickerController.swift; sourceTree = "<group>"; };
		B8294333237E932A008144CD /* UIImagePickerController+Rx.swift */ = {isa = PBXFileReference; fileEncoding = 4; lastKnownFileType = sourcecode.swift; path = "UIImagePickerController+Rx.swift"; sourceTree = "<group>"; };
		B8294335237E9341008144CD /* UIImagePickerController+RxCreate.swift */ = {isa = PBXFileReference; fileEncoding = 4; lastKnownFileType = sourcecode.swift; path = "UIImagePickerController+RxCreate.swift"; sourceTree = "<group>"; };
		B8294337237E9B7C008144CD /* RxImagePickerDelegateProxy.swift */ = {isa = PBXFileReference; lastKnownFileType = sourcecode.swift; path = RxImagePickerDelegateProxy.swift; sourceTree = "<group>"; };
		B8530A0D237E4C0B002923A2 /* BaseViewController.swift */ = {isa = PBXFileReference; lastKnownFileType = sourcecode.swift; path = BaseViewController.swift; sourceTree = "<group>"; };
		B86C95472373A184001AE7D5 /* Pods_rxswift_learning.framework */ = {isa = PBXFileReference; explicitFileType = wrapper.framework; path = Pods_rxswift_learning.framework; sourceTree = BUILT_PRODUCTS_DIR; };
		B86C954C2373A220001AE7D5 /* ObservableIntroduceCreateViewController.swift */ = {isa = PBXFileReference; lastKnownFileType = sourcecode.swift; path = ObservableIntroduceCreateViewController.swift; sourceTree = "<group>"; };
		B86C954F2373B827001AE7D5 /* ObservableSubscribeDoonDisposeViewController.swift */ = {isa = PBXFileReference; lastKnownFileType = sourcecode.swift; path = ObservableSubscribeDoonDisposeViewController.swift; sourceTree = "<group>"; };
		B86C95522373C317001AE7D5 /* AnyObserverBinderViewController.swift */ = {isa = PBXFileReference; lastKnownFileType = sourcecode.swift; path = AnyObserverBinderViewController.swift; sourceTree = "<group>"; };
		B86C95552373E493001AE7D5 /* CustomBindablePropertyViewController.swift */ = {isa = PBXFileReference; lastKnownFileType = sourcecode.swift; path = CustomBindablePropertyViewController.swift; sourceTree = "<group>"; };
		B86C95582373F028001AE7D5 /* SubjectsVariablesViewController.swift */ = {isa = PBXFileReference; lastKnownFileType = sourcecode.swift; path = SubjectsVariablesViewController.swift; sourceTree = "<group>"; };
		B86C955C2374F384001AE7D5 /* BufferMapFlatMapScanViewController.swift */ = {isa = PBXFileReference; lastKnownFileType = sourcecode.swift; path = BufferMapFlatMapScanViewController.swift; sourceTree = "<group>"; };
		B86C955F23751437001AE7D5 /* FilterTakeSkipViewController.swift */ = {isa = PBXFileReference; lastKnownFileType = sourcecode.swift; path = FilterTakeSkipViewController.swift; sourceTree = "<group>"; };
		B86C956223751DC2001AE7D5 /* AmbTakeWhileSkipWhileViewController.swift */ = {isa = PBXFileReference; lastKnownFileType = sourcecode.swift; path = AmbTakeWhileSkipWhileViewController.swift; sourceTree = "<group>"; };
		B86C956523754842001AE7D5 /* StartWithMergeZipViewController.swift */ = {isa = PBXFileReference; lastKnownFileType = sourcecode.swift; path = StartWithMergeZipViewController.swift; sourceTree = "<group>"; };
		B86C9568237558BC001AE7D5 /* ToArrayReduceConcatViewController.swift */ = {isa = PBXFileReference; lastKnownFileType = sourcecode.swift; path = ToArrayReduceConcatViewController.swift; sourceTree = "<group>"; };
		B86C956B23755ED5001AE7D5 /* ConnectPublishReplayMulticastViewController.swift */ = {isa = PBXFileReference; lastKnownFileType = sourcecode.swift; path = ConnectPublishReplayMulticastViewController.swift; sourceTree = "<group>"; };
		B86C956E2378F3BF001AE7D5 /* SingleCompletableMaybeViewController.swift */ = {isa = PBXFileReference; lastKnownFileType = sourcecode.swift; path = SingleCompletableMaybeViewController.swift; sourceTree = "<group>"; };
		B86C95712379100C001AE7D5 /* DriverViewController.swift */ = {isa = PBXFileReference; lastKnownFileType = sourcecode.swift; path = DriverViewController.swift; sourceTree = "<group>"; };
		B86C957423793047001AE7D5 /* ControlPropetyControlEventViewController.swift */ = {isa = PBXFileReference; lastKnownFileType = sourcecode.swift; path = ControlPropetyControlEventViewController.swift; sourceTree = "<group>"; };
		B86C957723793C0A001AE7D5 /* UIViewControllerRxExtendViewController.swift */ = {isa = PBXFileReference; lastKnownFileType = sourcecode.swift; path = UIViewControllerRxExtendViewController.swift; sourceTree = "<group>"; };
		B86C957923793C83001AE7D5 /* UIViewController+RxSwift.swift */ = {isa = PBXFileReference; lastKnownFileType = sourcecode.swift; path = "UIViewController+RxSwift.swift"; sourceTree = "<group>"; };
		B86C957C23795AC7001AE7D5 /* SubscribeOnObserveOnViewController.swift */ = {isa = PBXFileReference; lastKnownFileType = sourcecode.swift; path = SubscribeOnObserveOnViewController.swift; sourceTree = "<group>"; };
		B86C957F23795B81001AE7D5 /* UILabelViewController.swift */ = {isa = PBXFileReference; lastKnownFileType = sourcecode.swift; path = UILabelViewController.swift; sourceTree = "<group>"; };
		B86C958223796571001AE7D5 /* UITextFieldUITextViewViewController.swift */ = {isa = PBXFileReference; lastKnownFileType = sourcecode.swift; path = UITextFieldUITextViewViewController.swift; sourceTree = "<group>"; };
		B86C9585237A428C001AE7D5 /* UIButtonUIBarButtonItemViewController.swift */ = {isa = PBXFileReference; lastKnownFileType = sourcecode.swift; path = UIButtonUIBarButtonItemViewController.swift; sourceTree = "<group>"; };
		B86C9588237A55EC001AE7D5 /* UISwitchUISegmentControlViewController.swift */ = {isa = PBXFileReference; lastKnownFileType = sourcecode.swift; path = UISwitchUISegmentControlViewController.swift; sourceTree = "<group>"; };
		B86C958B237A5A78001AE7D5 /* UISliderUIStepperViewController.swift */ = {isa = PBXFileReference; lastKnownFileType = sourcecode.swift; path = UISliderUIStepperViewController.swift; sourceTree = "<group>"; };
		B86C958E237A5BD9001AE7D5 /* BindViewController.swift */ = {isa = PBXFileReference; lastKnownFileType = sourcecode.swift; path = BindViewController.swift; sourceTree = "<group>"; };
		B86C9591237A5FA9001AE7D5 /* UIGestureRecgnizerViewController.swift */ = {isa = PBXFileReference; lastKnownFileType = sourcecode.swift; path = UIGestureRecgnizerViewController.swift; sourceTree = "<group>"; };
		B86C9594237A62A0001AE7D5 /* UITableViewViewController.swift */ = {isa = PBXFileReference; lastKnownFileType = sourcecode.swift; path = UITableViewViewController.swift; sourceTree = "<group>"; };
		B86C9597237A96C8001AE7D5 /* RxDataSourcesViewController.swift */ = {isa = PBXFileReference; lastKnownFileType = sourcecode.swift; path = RxDataSourcesViewController.swift; sourceTree = "<group>"; };
		B86C959A237AA23E001AE7D5 /* RefreshTableViewViewController.swift */ = {isa = PBXFileReference; lastKnownFileType = sourcecode.swift; path = RefreshTableViewViewController.swift; sourceTree = "<group>"; };
		B86C959D237AAB11001AE7D5 /* TableViewSearchFilterViewController.swift */ = {isa = PBXFileReference; lastKnownFileType = sourcecode.swift; path = TableViewSearchFilterViewController.swift; sourceTree = "<group>"; };
		B86C95A0237AAF73001AE7D5 /* EditableTableViewViewController.swift */ = {isa = PBXFileReference; lastKnownFileType = sourcecode.swift; path = EditableTableViewViewController.swift; sourceTree = "<group>"; };
		B86C95A3237BA279001AE7D5 /* DifferentKindCellViewController.swift */ = {isa = PBXFileReference; lastKnownFileType = sourcecode.swift; path = DifferentKindCellViewController.swift; sourceTree = "<group>"; };
		B86C95A6237BAEA8001AE7D5 /* ChangeStyleViewController.swift */ = {isa = PBXFileReference; lastKnownFileType = sourcecode.swift; path = ChangeStyleViewController.swift; sourceTree = "<group>"; };
		B86C95A9237BD864001AE7D5 /* MyCollectionViewCell.swift */ = {isa = PBXFileReference; lastKnownFileType = sourcecode.swift; path = MyCollectionViewCell.swift; sourceTree = "<group>"; };
		B86C95AB237BD8B4001AE7D5 /* UICollectionViewViewController.swift */ = {isa = PBXFileReference; lastKnownFileType = sourcecode.swift; path = UICollectionViewViewController.swift; sourceTree = "<group>"; };
		B86C95AE237BF88D001AE7D5 /* UIPickerViewViewController.swift */ = {isa = PBXFileReference; lastKnownFileType = sourcecode.swift; path = UIPickerViewViewController.swift; sourceTree = "<group>"; };
		B86C95B1237BFDAC001AE7D5 /* GitHubNetworkService.swift */ = {isa = PBXFileReference; lastKnownFileType = sourcecode.swift; path = GitHubNetworkService.swift; sourceTree = "<group>"; };
		B86C95B3237BFE7D001AE7D5 /* GitHubModel.swift */ = {isa = PBXFileReference; lastKnownFileType = sourcecode.swift; path = GitHubModel.swift; sourceTree = "<group>"; };
		B86C95B5237C0015001AE7D5 /* GitHubAPI.swift */ = {isa = PBXFileReference; lastKnownFileType = sourcecode.swift; path = GitHubAPI.swift; sourceTree = "<group>"; };
		B86C95B8237C060A001AE7D5 /* BindingExtensions.swift */ = {isa = PBXFileReference; lastKnownFileType = sourcecode.swift; path = BindingExtensions.swift; sourceTree = "<group>"; };
		B86C95BA237C0674001AE7D5 /* ValidationResult.swift */ = {isa = PBXFileReference; lastKnownFileType = sourcecode.swift; path = ValidationResult.swift; sourceTree = "<group>"; };
		B86C95BC237C0B61001AE7D5 /* UserRegisterService.swift */ = {isa = PBXFileReference; lastKnownFileType = sourcecode.swift; path = UserRegisterService.swift; sourceTree = "<group>"; };
		B86C95BE237CE2F1001AE7D5 /* UserRegisterNetworkService.swift */ = {isa = PBXFileReference; lastKnownFileType = sourcecode.swift; path = UserRegisterNetworkService.swift; sourceTree = "<group>"; };
		B86C95C0237D02FB001AE7D5 /* UserRegitserViewModel.swift */ = {isa = PBXFileReference; lastKnownFileType = sourcecode.swift; path = UserRegitserViewModel.swift; sourceTree = "<group>"; };
		B86C95C2237D392D001AE7D5 /* MVVMDriverRegisterViewController.swift */ = {isa = PBXFileReference; lastKnownFileType = sourcecode.swift; path = MVVMDriverRegisterViewController.swift; sourceTree = "<group>"; };
		B86E048D237265AA00832DAF /* NotificationCenterViewController.swift */ = {isa = PBXFileReference; lastKnownFileType = sourcecode.swift; path = NotificationCenterViewController.swift; sourceTree = "<group>"; };
		B86E048F23726AE700832DAF /* UITableViewCellButtonViewController.swift */ = {isa = PBXFileReference; lastKnownFileType = sourcecode.swift; path = UITableViewCellButtonViewController.swift; sourceTree = "<group>"; };
		B86E049223726D7000832DAF /* MyTableViewCell.swift */ = {isa = PBXFileReference; lastKnownFileType = sourcecode.swift; path = MyTableViewCell.swift; sourceTree = "<group>"; };
		B8A9DA0F2372AC90001B923B /* MJRefresh+Rx.swift */ = {isa = PBXFileReference; lastKnownFileType = sourcecode.swift; path = "MJRefresh+Rx.swift"; sourceTree = "<group>"; };
		B8A9DA112372B19A001B923B /* MJRefreshNetworkService.swift */ = {isa = PBXFileReference; lastKnownFileType = sourcecode.swift; path = MJRefreshNetworkService.swift; sourceTree = "<group>"; };
		B8A9DA132372BBAC001B923B /* MJRefreshViewModel.swift */ = {isa = PBXFileReference; lastKnownFileType = sourcecode.swift; path = MJRefreshViewModel.swift; sourceTree = "<group>"; };
		B8A9DA152372BE14001B923B /* MJHeaderRefreshViewController.swift */ = {isa = PBXFileReference; lastKnownFileType = sourcecode.swift; path = MJHeaderRefreshViewController.swift; sourceTree = "<group>"; };
		B8CB82222341F9A8005BAB43 /* libz.tbd */ = {isa = PBXFileReference; lastKnownFileType = "sourcecode.text-based-dylib-definition"; name = libz.tbd; path = usr/lib/libz.tbd; sourceTree = SDKROOT; };
		B8CB82232341F9BC005BAB43 /* CoreText.framework */ = {isa = PBXFileReference; lastKnownFileType = wrapper.framework; name = CoreText.framework; path = System/Library/Frameworks/CoreText.framework; sourceTree = SDKROOT; };
		B8CB82252341F9C7005BAB43 /* Foundation.framework */ = {isa = PBXFileReference; lastKnownFileType = wrapper.framework; name = Foundation.framework; path = System/Library/Frameworks/Foundation.framework; sourceTree = SDKROOT; };
		B8CB82272341F9CD005BAB43 /* OpenGLES.framework */ = {isa = PBXFileReference; lastKnownFileType = wrapper.framework; name = OpenGLES.framework; path = System/Library/Frameworks/OpenGLES.framework; sourceTree = SDKROOT; };
		B8CB82292341F9D4005BAB43 /* CoreTelephony.framework */ = {isa = PBXFileReference; lastKnownFileType = wrapper.framework; name = CoreTelephony.framework; path = System/Library/Frameworks/CoreTelephony.framework; sourceTree = SDKROOT; };
		B8CB822B2341F9DC005BAB43 /* CoreGraphics.framework */ = {isa = PBXFileReference; lastKnownFileType = wrapper.framework; name = CoreGraphics.framework; path = System/Library/Frameworks/CoreGraphics.framework; sourceTree = SDKROOT; };
		B8CB822D2341F9E3005BAB43 /* SystemConfiguration.framework */ = {isa = PBXFileReference; lastKnownFileType = wrapper.framework; name = SystemConfiguration.framework; path = System/Library/Frameworks/SystemConfiguration.framework; sourceTree = SDKROOT; };
		B8CB828B2341FB00005BAB43 /* CoreMedia.framework */ = {isa = PBXFileReference; lastKnownFileType = wrapper.framework; name = CoreMedia.framework; path = System/Library/Frameworks/CoreMedia.framework; sourceTree = SDKROOT; };
		B8CB828D2341FB18005BAB43 /* CoreMotion.framework */ = {isa = PBXFileReference; lastKnownFileType = wrapper.framework; name = CoreMotion.framework; path = System/Library/Frameworks/CoreMotion.framework; sourceTree = SDKROOT; };
		B8CB828F2341FB2B005BAB43 /* libc++.tbd */ = {isa = PBXFileReference; lastKnownFileType = "sourcecode.text-based-dylib-definition"; name = "libc++.tbd"; path = "usr/lib/libc++.tbd"; sourceTree = SDKROOT; };
		B8F4A189237271630002FA33 /* MJRefreshHeaderAndFooterViewController.swift */ = {isa = PBXFileReference; lastKnownFileType = sourcecode.swift; path = MJRefreshHeaderAndFooterViewController.swift; sourceTree = "<group>"; };
		B8F4A18B237272980002FA33 /* MJRefreshHeaderAndFooterViewModel.swift */ = {isa = PBXFileReference; lastKnownFileType = sourcecode.swift; path = MJRefreshHeaderAndFooterViewModel.swift; sourceTree = "<group>"; };
		B8F4A18D237277430002FA33 /* MJRefreshHeaderAndFooterNetworkService.swift */ = {isa = PBXFileReference; lastKnownFileType = sourcecode.swift; path = MJRefreshHeaderAndFooterNetworkService.swift; sourceTree = "<group>"; };
		E75F22346C8242784EBBDEC8 /* Pods-testSwfit.release.xcconfig */ = {isa = PBXFileReference; includeInIndex = 1; lastKnownFileType = text.xcconfig; name = "Pods-testSwfit.release.xcconfig"; path = "Pods/Target Support Files/Pods-testSwfit/Pods-testSwfit.release.xcconfig"; sourceTree = "<group>"; };
/* End PBXFileReference section */

/* Begin PBXFrameworksBuildPhase section */
		4C50369623208BDB008D23A9 /* Frameworks */ = {
			isa = PBXFrameworksBuildPhase;
			buildActionMask = 2147483647;
			files = (
				B8CB82282341F9CD005BAB43 /* OpenGLES.framework in Frameworks */,
				B8CB82262341F9C7005BAB43 /* Foundation.framework in Frameworks */,
				B86C95482373A184001AE7D5 /* Pods_rxswift_learning.framework in Frameworks */,
				B8CB82912341FCC0005BAB43 /* libz.tbd in Frameworks */,
				B8CB822C2341F9DC005BAB43 /* CoreGraphics.framework in Frameworks */,
				B8CB82902341FCB2005BAB43 /* libc++.tbd in Frameworks */,
				B8CB822A2341F9D4005BAB43 /* CoreTelephony.framework in Frameworks */,
				B8CB822E2341F9E3005BAB43 /* SystemConfiguration.framework in Frameworks */,
				B8CB82242341F9BC005BAB43 /* CoreText.framework in Frameworks */,
				B8CB828E2341FB18005BAB43 /* CoreMotion.framework in Frameworks */,
				EFB1AD08378ACC6C1C1ED6DE /* Pods_rxswift_learning.framework in Frameworks */,
			);
			runOnlyForDeploymentPostprocessing = 0;
		};
/* End PBXFrameworksBuildPhase section */

/* Begin PBXGroup section */
		38EE2CED97F20EF882A9F39C /* Pods */ = {
			isa = PBXGroup;
			children = (
				2C07F7651554F0D627087EBD /* Pods-testSwfit.debug.xcconfig */,
				E75F22346C8242784EBBDEC8 /* Pods-testSwfit.release.xcconfig */,
				238892698BAD8126872B1A32 /* Pods-rxswift-learning.debug.xcconfig */,
				8017CF8C482AC12AF9E2A444 /* Pods-rxswift-learning.release.xcconfig */,
			);
			name = Pods;
			sourceTree = "<group>";
		};
		4C50369023208BDB008D23A9 = {
			isa = PBXGroup;
			children = (
				4C50369B23208BDB008D23A9 /* testSwfit */,
				4C50369A23208BDB008D23A9 /* Products */,
				38EE2CED97F20EF882A9F39C /* Pods */,
				7B13CD65A6BB7F5485692B37 /* Frameworks */,
			);
			sourceTree = "<group>";
		};
		4C50369A23208BDB008D23A9 /* Products */ = {
			isa = PBXGroup;
			children = (
				4C50369923208BDB008D23A9 /* rxswift-learning.app */,
			);
			name = Products;
			sourceTree = "<group>";
		};
		4C50369B23208BDB008D23A9 /* testSwfit */ = {
			isa = PBXGroup;
			children = (
				B8530A0C237E45D8002923A2 /* ImagePicker */,
				B86C95B7237C05EC001AE7D5 /* 一个用户注册样例1：基本功能实现 */,
				B86C95B0237BFD8F001AE7D5 /* MVVM架构演示2：使用Observable样例 */,
				B86C95AD237BF87E001AE7D5 /* UIPickerView的使用 */,
				B86C95A8237BD6F4001AE7D5 /* UICollectionView的使用1：基本用法 */,
				B86C95A5237BAE8A001AE7D5 /* UITableView的使用7：样式修改 */,
				B86C95A2237BA258001AE7D5 /* UITableView的使用6：不同类型的单元格混用 */,
				B86C959F237AAF4D001AE7D5 /* UITableView的使用5：可编辑表格 */,
				B86C959C237AAAEB001AE7D5 /* UITableView的使用4：表格数据的搜索过滤 */,
				B86C9599237AA0F4001AE7D5 /* UITableView的使用3：刷新表格数据 */,
				B86C9596237A967F001AE7D5 /* UITableView的使用2：RxDataSources */,
				B86C9593237A60F0001AE7D5 /* UITableView的使用1：基本用法 */,
				B86C9590237A5F7B001AE7D5 /* UI控件扩展7：UIGestureRecognizer */,
				B86C958D237A5BCB001AE7D5 /* 双向绑定：<-> */,
				B86C958A237A5A4C001AE7D5 /* UI控件扩展6：UISlider、UIStepper */,
				B86C9587237A517D001AE7D5 /* UI控件扩展4：UISwitch、UISegmentedControl */,
				B86C9584237A425B001AE7D5 /* UI控件扩展3：UIButton、UIBarButtonItem */,
				B86C958123796550001AE7D5 /* UI控件扩展2：UITextField、UITextView */,
				B86C957E23795B64001AE7D5 /* UI控件扩展1：UILabel */,
				B86C957B23795AAB001AE7D5 /* 调度器、subscribeOn、observeOn */,
				B86C957623793BE1001AE7D5 /* 给 UIViewController 添加 RxSwift 扩展 */,
				B86C957323793023001AE7D5 /* 特征序列3：ControlProperty、 ControlEvent */,
				B86C957023790FF4001AE7D5 /* 特征序列2：Driver */,
				B86C956D2378F3A6001AE7D5 /* 特征序列1：Single、Completable、Maybe */,
				B86C956A23755EAF001AE7D5 /* 连接操作符：connect、publish、replay、multicast */,
				B86C956723755899001AE7D5 /* 算数&聚合操作符：toArray、reduce、concat */,
				B86C956423754833001AE7D5 /* 结合操作符：startWith、merge、zip等 */,
				B86C956123751DAA001AE7D5 /* 条件和布尔操作符：amb、takeWhile、skipWhile等 */,
				B86C955E23751424001AE7D5 /* 过滤操作符：filter、take、skip等 */,
				B86C955B2374F36D001AE7D5 /* 变换操作符：buffer、map、flatMap、scan等 */,
				B86C95572373F00E001AE7D5 /* Subjects、Variables */,
				B86C95542373E484001AE7D5 /* 观察者2： 自定义可绑定属性 */,
				B86C95512373C303001AE7D5 /* 观察者1： AnyObserver、Binder */,
				B86C954E2373B816001AE7D5 /* Observable订阅、事件监听、订阅销毁 */,
				B86C954B2373A213001AE7D5 /* ObservableIntroduceCreateViewController */,
				B8F4A188237271500002FA33 /* MJRefreshHeaderAndFooterViewController */,
				B86E049123726AED00832DAF /* UITableViewCellButtonViewController */,
				B86E048C2372658300832DAF /* NotificationCenter的使用 */,
				4C50369C23208BDC008D23A9 /* AppDelegate.swift */,
				4C50369E23208BDC008D23A9 /* ViewController.swift */,
				4C5036A023208BDC008D23A9 /* Main.storyboard */,
				4C5036A323208BF1008D23A9 /* Assets.xcassets */,
				4C5036A523208BF1008D23A9 /* LaunchScreen.storyboard */,
				4C5036A823208BF1008D23A9 /* Info.plist */,
				B8530A0D237E4C0B002923A2 /* BaseViewController.swift */,
			);
			path = testSwfit;
			sourceTree = "<group>";
		};
		7B13CD65A6BB7F5485692B37 /* Frameworks */ = {
			isa = PBXGroup;
			children = (
				B86C95472373A184001AE7D5 /* Pods_rxswift_learning.framework */,
				B8CB828F2341FB2B005BAB43 /* libc++.tbd */,
				B8CB828D2341FB18005BAB43 /* CoreMotion.framework */,
				B8CB828B2341FB00005BAB43 /* CoreMedia.framework */,
				B8CB822D2341F9E3005BAB43 /* SystemConfiguration.framework */,
				B8CB822B2341F9DC005BAB43 /* CoreGraphics.framework */,
				B8CB82292341F9D4005BAB43 /* CoreTelephony.framework */,
				B8CB82272341F9CD005BAB43 /* OpenGLES.framework */,
				B8CB82252341F9C7005BAB43 /* Foundation.framework */,
				B8CB82232341F9BC005BAB43 /* CoreText.framework */,
				B8CB82222341F9A8005BAB43 /* libz.tbd */,
				85D7833513CE92198E1AD2D2 /* Pods_testSwfit.framework */,
				785E960DAC005790609ECEAA /* Pods_rxswift_learning.framework */,
			);
			name = Frameworks;
			sourceTree = "<group>";
		};
		B8530A0C237E45D8002923A2 /* ImagePicker */ = {
			isa = PBXGroup;
			children = (
				B8294335237E9341008144CD /* UIImagePickerController+RxCreate.swift */,
				B8294333237E932A008144CD /* UIImagePickerController+Rx.swift */,
				B8294331237E8109008144CD /* ImagePickerController.swift */,
				B8294337237E9B7C008144CD /* RxImagePickerDelegateProxy.swift */,
			);
			path = ImagePicker;
			sourceTree = "<group>";
		};
		B86C954B2373A213001AE7D5 /* ObservableIntroduceCreateViewController */ = {
			isa = PBXGroup;
			children = (
				B86C954C2373A220001AE7D5 /* ObservableIntroduceCreateViewController.swift */,
			);
			path = ObservableIntroduceCreateViewController;
			sourceTree = "<group>";
		};
		B86C954E2373B816001AE7D5 /* Observable订阅、事件监听、订阅销毁 */ = {
			isa = PBXGroup;
			children = (
				B86C954F2373B827001AE7D5 /* ObservableSubscribeDoonDisposeViewController.swift */,
			);
			path = "Observable订阅、事件监听、订阅销毁";
			sourceTree = "<group>";
		};
		B86C95512373C303001AE7D5 /* 观察者1： AnyObserver、Binder */ = {
			isa = PBXGroup;
			children = (
				B86C95522373C317001AE7D5 /* AnyObserverBinderViewController.swift */,
			);
			path = "观察者1： AnyObserver、Binder";
			sourceTree = "<group>";
		};
		B86C95542373E484001AE7D5 /* 观察者2： 自定义可绑定属性 */ = {
			isa = PBXGroup;
			children = (
				B86C95552373E493001AE7D5 /* CustomBindablePropertyViewController.swift */,
			);
			path = "观察者2： 自定义可绑定属性";
			sourceTree = "<group>";
		};
		B86C95572373F00E001AE7D5 /* Subjects、Variables */ = {
			isa = PBXGroup;
			children = (
				B86C95582373F028001AE7D5 /* SubjectsVariablesViewController.swift */,
			);
			path = "Subjects、Variables";
			sourceTree = "<group>";
		};
		B86C955B2374F36D001AE7D5 /* 变换操作符：buffer、map、flatMap、scan等 */ = {
			isa = PBXGroup;
			children = (
				B86C955C2374F384001AE7D5 /* BufferMapFlatMapScanViewController.swift */,
			);
			path = "变换操作符：buffer、map、flatMap、scan等";
			sourceTree = "<group>";
		};
		B86C955E23751424001AE7D5 /* 过滤操作符：filter、take、skip等 */ = {
			isa = PBXGroup;
			children = (
				B86C955F23751437001AE7D5 /* FilterTakeSkipViewController.swift */,
			);
			path = "过滤操作符：filter、take、skip等";
			sourceTree = "<group>";
		};
		B86C956123751DAA001AE7D5 /* 条件和布尔操作符：amb、takeWhile、skipWhile等 */ = {
			isa = PBXGroup;
			children = (
				B86C956223751DC2001AE7D5 /* AmbTakeWhileSkipWhileViewController.swift */,
			);
			path = "条件和布尔操作符：amb、takeWhile、skipWhile等";
			sourceTree = "<group>";
		};
		B86C956423754833001AE7D5 /* 结合操作符：startWith、merge、zip等 */ = {
			isa = PBXGroup;
			children = (
				B86C956523754842001AE7D5 /* StartWithMergeZipViewController.swift */,
			);
			path = "结合操作符：startWith、merge、zip等";
			sourceTree = "<group>";
		};
		B86C956723755899001AE7D5 /* 算数&聚合操作符：toArray、reduce、concat */ = {
			isa = PBXGroup;
			children = (
				B86C9568237558BC001AE7D5 /* ToArrayReduceConcatViewController.swift */,
			);
			path = "算数&聚合操作符：toArray、reduce、concat";
			sourceTree = "<group>";
		};
		B86C956A23755EAF001AE7D5 /* 连接操作符：connect、publish、replay、multicast */ = {
			isa = PBXGroup;
			children = (
				B86C956B23755ED5001AE7D5 /* ConnectPublishReplayMulticastViewController.swift */,
			);
			path = "连接操作符：connect、publish、replay、multicast";
			sourceTree = "<group>";
		};
		B86C956D2378F3A6001AE7D5 /* 特征序列1：Single、Completable、Maybe */ = {
			isa = PBXGroup;
			children = (
				B86C956E2378F3BF001AE7D5 /* SingleCompletableMaybeViewController.swift */,
			);
			path = "特征序列1：Single、Completable、Maybe";
			sourceTree = "<group>";
		};
		B86C957023790FF4001AE7D5 /* 特征序列2：Driver */ = {
			isa = PBXGroup;
			children = (
				B86C95712379100C001AE7D5 /* DriverViewController.swift */,
			);
			path = "特征序列2：Driver";
			sourceTree = "<group>";
		};
		B86C957323793023001AE7D5 /* 特征序列3：ControlProperty、 ControlEvent */ = {
			isa = PBXGroup;
			children = (
				B86C957423793047001AE7D5 /* ControlPropetyControlEventViewController.swift */,
			);
			path = "特征序列3：ControlProperty、 ControlEvent";
			sourceTree = "<group>";
		};
		B86C957623793BE1001AE7D5 /* 给 UIViewController 添加 RxSwift 扩展 */ = {
			isa = PBXGroup;
			children = (
				B86C957723793C0A001AE7D5 /* UIViewControllerRxExtendViewController.swift */,
				B86C957923793C83001AE7D5 /* UIViewController+RxSwift.swift */,
			);
			path = "给 UIViewController 添加 RxSwift 扩展";
			sourceTree = "<group>";
		};
		B86C957B23795AAB001AE7D5 /* 调度器、subscribeOn、observeOn */ = {
			isa = PBXGroup;
			children = (
				B86C957C23795AC7001AE7D5 /* SubscribeOnObserveOnViewController.swift */,
			);
			path = "调度器、subscribeOn、observeOn";
			sourceTree = "<group>";
		};
		B86C957E23795B64001AE7D5 /* UI控件扩展1：UILabel */ = {
			isa = PBXGroup;
			children = (
				B86C957F23795B81001AE7D5 /* UILabelViewController.swift */,
			);
			path = "UI控件扩展1：UILabel";
			sourceTree = "<group>";
		};
		B86C958123796550001AE7D5 /* UI控件扩展2：UITextField、UITextView */ = {
			isa = PBXGroup;
			children = (
				B86C958223796571001AE7D5 /* UITextFieldUITextViewViewController.swift */,
			);
			path = "UI控件扩展2：UITextField、UITextView";
			sourceTree = "<group>";
		};
		B86C9584237A425B001AE7D5 /* UI控件扩展3：UIButton、UIBarButtonItem */ = {
			isa = PBXGroup;
			children = (
				B86C9585237A428C001AE7D5 /* UIButtonUIBarButtonItemViewController.swift */,
			);
			path = "UI控件扩展3：UIButton、UIBarButtonItem";
			sourceTree = "<group>";
		};
		B86C9587237A517D001AE7D5 /* UI控件扩展4：UISwitch、UISegmentedControl */ = {
			isa = PBXGroup;
			children = (
				B86C9588237A55EC001AE7D5 /* UISwitchUISegmentControlViewController.swift */,
			);
			path = "UI控件扩展4：UISwitch、UISegmentedControl";
			sourceTree = "<group>";
		};
		B86C958A237A5A4C001AE7D5 /* UI控件扩展6：UISlider、UIStepper */ = {
			isa = PBXGroup;
			children = (
				B86C958B237A5A78001AE7D5 /* UISliderUIStepperViewController.swift */,
			);
			path = "UI控件扩展6：UISlider、UIStepper";
			sourceTree = "<group>";
		};
		B86C958D237A5BCB001AE7D5 /* 双向绑定：<-> */ = {
			isa = PBXGroup;
			children = (
				B86C958E237A5BD9001AE7D5 /* BindViewController.swift */,
			);
			path = "双向绑定：<->";
			sourceTree = "<group>";
		};
		B86C9590237A5F7B001AE7D5 /* UI控件扩展7：UIGestureRecognizer */ = {
			isa = PBXGroup;
			children = (
				B86C9591237A5FA9001AE7D5 /* UIGestureRecgnizerViewController.swift */,
			);
			path = "UI控件扩展7：UIGestureRecognizer";
			sourceTree = "<group>";
		};
		B86C9593237A60F0001AE7D5 /* UITableView的使用1：基本用法 */ = {
			isa = PBXGroup;
			children = (
				B86C9594237A62A0001AE7D5 /* UITableViewViewController.swift */,
			);
			path = "UITableView的使用1：基本用法";
			sourceTree = "<group>";
		};
		B86C9596237A967F001AE7D5 /* UITableView的使用2：RxDataSources */ = {
			isa = PBXGroup;
			children = (
				B86C9597237A96C8001AE7D5 /* RxDataSourcesViewController.swift */,
			);
			path = "UITableView的使用2：RxDataSources";
			sourceTree = "<group>";
		};
		B86C9599237AA0F4001AE7D5 /* UITableView的使用3：刷新表格数据 */ = {
			isa = PBXGroup;
			children = (
				B86C959A237AA23E001AE7D5 /* RefreshTableViewViewController.swift */,
			);
			path = "UITableView的使用3：刷新表格数据";
			sourceTree = "<group>";
		};
		B86C959C237AAAEB001AE7D5 /* UITableView的使用4：表格数据的搜索过滤 */ = {
			isa = PBXGroup;
			children = (
				B86C959D237AAB11001AE7D5 /* TableViewSearchFilterViewController.swift */,
			);
			path = "UITableView的使用4：表格数据的搜索过滤";
			sourceTree = "<group>";
		};
		B86C959F237AAF4D001AE7D5 /* UITableView的使用5：可编辑表格 */ = {
			isa = PBXGroup;
			children = (
				B86C95A0237AAF73001AE7D5 /* EditableTableViewViewController.swift */,
			);
			path = "UITableView的使用5：可编辑表格";
			sourceTree = "<group>";
		};
		B86C95A2237BA258001AE7D5 /* UITableView的使用6：不同类型的单元格混用 */ = {
			isa = PBXGroup;
			children = (
				B86C95A3237BA279001AE7D5 /* DifferentKindCellViewController.swift */,
			);
			path = "UITableView的使用6：不同类型的单元格混用";
			sourceTree = "<group>";
		};
		B86C95A5237BAE8A001AE7D5 /* UITableView的使用7：样式修改 */ = {
			isa = PBXGroup;
			children = (
				B86C95A6237BAEA8001AE7D5 /* ChangeStyleViewController.swift */,
			);
			path = "UITableView的使用7：样式修改";
			sourceTree = "<group>";
		};
		B86C95A8237BD6F4001AE7D5 /* UICollectionView的使用1：基本用法 */ = {
			isa = PBXGroup;
			children = (
				B86C95A9237BD864001AE7D5 /* MyCollectionViewCell.swift */,
				B86C95AB237BD8B4001AE7D5 /* UICollectionViewViewController.swift */,
			);
			path = "UICollectionView的使用1：基本用法";
			sourceTree = "<group>";
		};
		B86C95AD237BF87E001AE7D5 /* UIPickerView的使用 */ = {
			isa = PBXGroup;
			children = (
				B86C95AE237BF88D001AE7D5 /* UIPickerViewViewController.swift */,
			);
			path = "UIPickerView的使用";
			sourceTree = "<group>";
		};
		B86C95B0237BFD8F001AE7D5 /* MVVM架构演示2：使用Observable样例 */ = {
			isa = PBXGroup;
			children = (
				B86C95B1237BFDAC001AE7D5 /* GitHubNetworkService.swift */,
				B86C95B3237BFE7D001AE7D5 /* GitHubModel.swift */,
				B86C95B5237C0015001AE7D5 /* GitHubAPI.swift */,
			);
			path = "MVVM架构演示2：使用Observable样例";
			sourceTree = "<group>";
		};
		B86C95B7237C05EC001AE7D5 /* 一个用户注册样例1：基本功能实现 */ = {
			isa = PBXGroup;
			children = (
				B86C95B8237C060A001AE7D5 /* BindingExtensions.swift */,
				B86C95BA237C0674001AE7D5 /* ValidationResult.swift */,
				B86C95BC237C0B61001AE7D5 /* UserRegisterService.swift */,
				B86C95BE237CE2F1001AE7D5 /* UserRegisterNetworkService.swift */,
				B86C95C0237D02FB001AE7D5 /* UserRegitserViewModel.swift */,
				B86C95C2237D392D001AE7D5 /* MVVMDriverRegisterViewController.swift */,
			);
			path = "一个用户注册样例1：基本功能实现";
			sourceTree = "<group>";
		};
		B86E048C2372658300832DAF /* NotificationCenter的使用 */ = {
			isa = PBXGroup;
			children = (
				B86E048D237265AA00832DAF /* NotificationCenterViewController.swift */,
			);
			path = "NotificationCenter的使用";
			sourceTree = "<group>";
		};
		B86E049123726AED00832DAF /* UITableViewCellButtonViewController */ = {
			isa = PBXGroup;
			children = (
				B86E048F23726AE700832DAF /* UITableViewCellButtonViewController.swift */,
				B86E049223726D7000832DAF /* MyTableViewCell.swift */,
			);
			path = UITableViewCellButtonViewController;
			sourceTree = "<group>";
		};
		B8F4A188237271500002FA33 /* MJRefreshHeaderAndFooterViewController */ = {
			isa = PBXGroup;
			children = (
				B8F4A189237271630002FA33 /* MJRefreshHeaderAndFooterViewController.swift */,
				B8F4A18B237272980002FA33 /* MJRefreshHeaderAndFooterViewModel.swift */,
				B8F4A18D237277430002FA33 /* MJRefreshHeaderAndFooterNetworkService.swift */,
				B8A9DA0F2372AC90001B923B /* MJRefresh+Rx.swift */,
				B8A9DA112372B19A001B923B /* MJRefreshNetworkService.swift */,
				B8A9DA132372BBAC001B923B /* MJRefreshViewModel.swift */,
				B8A9DA152372BE14001B923B /* MJHeaderRefreshViewController.swift */,
			);
			path = MJRefreshHeaderAndFooterViewController;
			sourceTree = "<group>";
		};
/* End PBXGroup section */

/* Begin PBXNativeTarget section */
		4C50369823208BDB008D23A9 /* rxswift-learning */ = {
			isa = PBXNativeTarget;
			buildConfigurationList = 4C5036AB23208BF1008D23A9 /* Build configuration list for PBXNativeTarget "rxswift-learning" */;
			buildPhases = (
				ACCD774D254FEF8FF66D5BE7 /* [CP] Check Pods Manifest.lock */,
				4C50369523208BDB008D23A9 /* Sources */,
				4C50369623208BDB008D23A9 /* Frameworks */,
				4C50369723208BDB008D23A9 /* Resources */,
				7D8DFBE1488DCC00BC7E71C5 /* [CP] Embed Pods Frameworks */,
				B86C954A2373A184001AE7D5 /* Embed Frameworks */,
			);
			buildRules = (
			);
			dependencies = (
			);
			name = "rxswift-learning";
			productName = testSwfit;
			productReference = 4C50369923208BDB008D23A9 /* rxswift-learning.app */;
			productType = "com.apple.product-type.application";
		};
/* End PBXNativeTarget section */

/* Begin PBXProject section */
		4C50369123208BDB008D23A9 /* Project object */ = {
			isa = PBXProject;
			attributes = {
				LastSwiftUpdateCheck = 1010;
				LastUpgradeCheck = 1010;
				ORGANIZATIONNAME = yuanf;
				TargetAttributes = {
					4C50369823208BDB008D23A9 = {
						CreatedOnToolsVersion = 10.1;
					};
				};
			};
			buildConfigurationList = 4C50369423208BDB008D23A9 /* Build configuration list for PBXProject "rxswift-learning" */;
			compatibilityVersion = "Xcode 9.3";
			developmentRegion = en;
			hasScannedForEncodings = 0;
			knownRegions = (
				en,
				Base,
			);
			mainGroup = 4C50369023208BDB008D23A9;
			productRefGroup = 4C50369A23208BDB008D23A9 /* Products */;
			projectDirPath = "";
			projectRoot = "";
			targets = (
				4C50369823208BDB008D23A9 /* rxswift-learning */,
			);
		};
/* End PBXProject section */

/* Begin PBXResourcesBuildPhase section */
		4C50369723208BDB008D23A9 /* Resources */ = {
			isa = PBXResourcesBuildPhase;
			buildActionMask = 2147483647;
			files = (
				4C5036A723208BF1008D23A9 /* LaunchScreen.storyboard in Resources */,
				4C5036A423208BF1008D23A9 /* Assets.xcassets in Resources */,
				4C5036A223208BDC008D23A9 /* Main.storyboard in Resources */,
			);
			runOnlyForDeploymentPostprocessing = 0;
		};
/* End PBXResourcesBuildPhase section */

/* Begin PBXShellScriptBuildPhase section */
		7D8DFBE1488DCC00BC7E71C5 /* [CP] Embed Pods Frameworks */ = {
			isa = PBXShellScriptBuildPhase;
			buildActionMask = 2147483647;
			files = (
			);
			inputFileListPaths = (
			);
			inputPaths = (
				"${SRCROOT}/Pods/Target Support Files/Pods-rxswift-learning/Pods-rxswift-learning-frameworks.sh",
				"${BUILT_PRODUCTS_DIR}/Alamofire/Alamofire.framework",
				"${BUILT_PRODUCTS_DIR}/Differentiator/Differentiator.framework",
				"${BUILT_PRODUCTS_DIR}/MJRefresh/MJRefresh.framework",
				"${BUILT_PRODUCTS_DIR}/Moya/Moya.framework",
				"${BUILT_PRODUCTS_DIR}/ObjectMapper/ObjectMapper.framework",
				"${BUILT_PRODUCTS_DIR}/Result/Result.framework",
				"${BUILT_PRODUCTS_DIR}/RxCocoa/RxCocoa.framework",
				"${BUILT_PRODUCTS_DIR}/RxDataSources/RxDataSources.framework",
				"${BUILT_PRODUCTS_DIR}/RxRelay/RxRelay.framework",
				"${BUILT_PRODUCTS_DIR}/RxSwift/RxSwift.framework",
				"${BUILT_PRODUCTS_DIR}/SnapKit/SnapKit.framework",
			);
			name = "[CP] Embed Pods Frameworks";
			outputFileListPaths = (
			);
			outputPaths = (
				"${TARGET_BUILD_DIR}/${FRAMEWORKS_FOLDER_PATH}/Alamofire.framework",
				"${TARGET_BUILD_DIR}/${FRAMEWORKS_FOLDER_PATH}/Differentiator.framework",
				"${TARGET_BUILD_DIR}/${FRAMEWORKS_FOLDER_PATH}/MJRefresh.framework",
				"${TARGET_BUILD_DIR}/${FRAMEWORKS_FOLDER_PATH}/Moya.framework",
				"${TARGET_BUILD_DIR}/${FRAMEWORKS_FOLDER_PATH}/ObjectMapper.framework",
				"${TARGET_BUILD_DIR}/${FRAMEWORKS_FOLDER_PATH}/Result.framework",
				"${TARGET_BUILD_DIR}/${FRAMEWORKS_FOLDER_PATH}/RxCocoa.framework",
				"${TARGET_BUILD_DIR}/${FRAMEWORKS_FOLDER_PATH}/RxDataSources.framework",
				"${TARGET_BUILD_DIR}/${FRAMEWORKS_FOLDER_PATH}/RxRelay.framework",
				"${TARGET_BUILD_DIR}/${FRAMEWORKS_FOLDER_PATH}/RxSwift.framework",
				"${TARGET_BUILD_DIR}/${FRAMEWORKS_FOLDER_PATH}/SnapKit.framework",
			);
			runOnlyForDeploymentPostprocessing = 0;
			shellPath = /bin/sh;
			shellScript = "\"${SRCROOT}/Pods/Target Support Files/Pods-rxswift-learning/Pods-rxswift-learning-frameworks.sh\"\n";
			showEnvVarsInLog = 0;
		};
		ACCD774D254FEF8FF66D5BE7 /* [CP] Check Pods Manifest.lock */ = {
			isa = PBXShellScriptBuildPhase;
			buildActionMask = 2147483647;
			files = (
			);
			inputFileListPaths = (
			);
			inputPaths = (
				"${PODS_PODFILE_DIR_PATH}/Podfile.lock",
				"${PODS_ROOT}/Manifest.lock",
			);
			name = "[CP] Check Pods Manifest.lock";
			outputFileListPaths = (
			);
			outputPaths = (
				"$(DERIVED_FILE_DIR)/Pods-rxswift-learning-checkManifestLockResult.txt",
			);
			runOnlyForDeploymentPostprocessing = 0;
			shellPath = /bin/sh;
			shellScript = "diff \"${PODS_PODFILE_DIR_PATH}/Podfile.lock\" \"${PODS_ROOT}/Manifest.lock\" > /dev/null\nif [ $? != 0 ] ; then\n    # print error to STDERR\n    echo \"error: The sandbox is not in sync with the Podfile.lock. Run 'pod install' or update your CocoaPods installation.\" >&2\n    exit 1\nfi\n# This output is used by Xcode 'outputs' to avoid re-running this script phase.\necho \"SUCCESS\" > \"${SCRIPT_OUTPUT_FILE_0}\"\n";
			showEnvVarsInLog = 0;
		};
/* End PBXShellScriptBuildPhase section */

/* Begin PBXSourcesBuildPhase section */
		4C50369523208BDB008D23A9 /* Sources */ = {
			isa = PBXSourcesBuildPhase;
			buildActionMask = 2147483647;
			files = (
				B86E049023726AE700832DAF /* UITableViewCellButtonViewController.swift in Sources */,
				B86C9595237A62A0001AE7D5 /* UITableViewViewController.swift in Sources */,
				B8F4A18A237271630002FA33 /* MJRefreshHeaderAndFooterViewController.swift in Sources */,
				B86C9589237A55EC001AE7D5 /* UISwitchUISegmentControlViewController.swift in Sources */,
				B86C955D2374F384001AE7D5 /* BufferMapFlatMapScanViewController.swift in Sources */,
				B8530A0E237E4C0B002923A2 /* BaseViewController.swift in Sources */,
				B8294338237E9B7C008144CD /* RxImagePickerDelegateProxy.swift in Sources */,
				B86C95502373B827001AE7D5 /* ObservableSubscribeDoonDisposeViewController.swift in Sources */,
				B86C956F2378F3BF001AE7D5 /* SingleCompletableMaybeViewController.swift in Sources */,
				B86C95BF237CE2F1001AE7D5 /* UserRegisterNetworkService.swift in Sources */,
				B86C95AC237BD8B4001AE7D5 /* UICollectionViewViewController.swift in Sources */,
				B86C957523793047001AE7D5 /* ControlPropetyControlEventViewController.swift in Sources */,
				B86C95C1237D02FB001AE7D5 /* UserRegitserViewModel.swift in Sources */,
				B86C95A7237BAEA8001AE7D5 /* ChangeStyleViewController.swift in Sources */,
				B86C95C3237D392D001AE7D5 /* MVVMDriverRegisterViewController.swift in Sources */,
				B86C959B237AA23E001AE7D5 /* RefreshTableViewViewController.swift in Sources */,
				B86E048E237265AA00832DAF /* NotificationCenterViewController.swift in Sources */,
				B86C95722379100C001AE7D5 /* DriverViewController.swift in Sources */,
				B86C956323751DC2001AE7D5 /* AmbTakeWhileSkipWhileViewController.swift in Sources */,
				B86C957823793C0A001AE7D5 /* UIViewControllerRxExtendViewController.swift in Sources */,
				B86C956623754842001AE7D5 /* StartWithMergeZipViewController.swift in Sources */,
				B8F4A18E237277430002FA33 /* MJRefreshHeaderAndFooterNetworkService.swift in Sources */,
				B86C956C23755ED5001AE7D5 /* ConnectPublishReplayMulticastViewController.swift in Sources */,
				B86C95562373E493001AE7D5 /* CustomBindablePropertyViewController.swift in Sources */,
				B86C95A1237AAF73001AE7D5 /* EditableTableViewViewController.swift in Sources */,
				B8A9DA102372AC90001B923B /* MJRefresh+Rx.swift in Sources */,
				B86C959E237AAB11001AE7D5 /* TableViewSearchFilterViewController.swift in Sources */,
				B86C958323796571001AE7D5 /* UITextFieldUITextViewViewController.swift in Sources */,
				B86C95BB237C0674001AE7D5 /* ValidationResult.swift in Sources */,
				B86C95AA237BD864001AE7D5 /* MyCollectionViewCell.swift in Sources */,
				B8294332237E8109008144CD /* ImagePickerController.swift in Sources */,
				B86C95BD237C0B61001AE7D5 /* UserRegisterService.swift in Sources */,
				B86C95532373C317001AE7D5 /* AnyObserverBinderViewController.swift in Sources */,
				B86C958F237A5BD9001AE7D5 /* BindViewController.swift in Sources */,
				B86C95AF237BF88D001AE7D5 /* UIPickerViewViewController.swift in Sources */,
				4C50369F23208BDC008D23A9 /* ViewController.swift in Sources */,
				B86C958C237A5A78001AE7D5 /* UISliderUIStepperViewController.swift in Sources */,
				B86C95B9237C060A001AE7D5 /* BindingExtensions.swift in Sources */,
				B86C95592373F028001AE7D5 /* SubjectsVariablesViewController.swift in Sources */,
				B8F4A18C237272980002FA33 /* MJRefreshHeaderAndFooterViewModel.swift in Sources */,
				B8A9DA122372B19A001B923B /* MJRefreshNetworkService.swift in Sources */,
				B86C95B4237BFE7D001AE7D5 /* GitHubModel.swift in Sources */,
				B86C957A23793C83001AE7D5 /* UIViewController+RxSwift.swift in Sources */,
				B8A9DA162372BE14001B923B /* MJHeaderRefreshViewController.swift in Sources */,
				B86E049323726D7000832DAF /* MyTableViewCell.swift in Sources */,
				B86C958023795B81001AE7D5 /* UILabelViewController.swift in Sources */,
				B86C95B2237BFDAC001AE7D5 /* GitHubNetworkService.swift in Sources */,
				B86C957D23795AC7001AE7D5 /* SubscribeOnObserveOnViewController.swift in Sources */,
				B86C9569237558BC001AE7D5 /* ToArrayReduceConcatViewController.swift in Sources */,
				B8294336237E9341008144CD /* UIImagePickerController+RxCreate.swift in Sources */,
				B86C9598237A96C8001AE7D5 /* RxDataSourcesViewController.swift in Sources */,
				B86C954D2373A220001AE7D5 /* ObservableIntroduceCreateViewController.swift in Sources */,
				4C50369D23208BDC008D23A9 /* AppDelegate.swift in Sources */,
				B86C9586237A428C001AE7D5 /* UIButtonUIBarButtonItemViewController.swift in Sources */,
				B8294334237E932A008144CD /* UIImagePickerController+Rx.swift in Sources */,
				B86C956023751437001AE7D5 /* FilterTakeSkipViewController.swift in Sources */,
				B86C9592237A5FA9001AE7D5 /* UIGestureRecgnizerViewController.swift in Sources */,
				B86C95A4237BA279001AE7D5 /* DifferentKindCellViewController.swift in Sources */,
				B86C95B6237C0015001AE7D5 /* GitHubAPI.swift in Sources */,
				B8A9DA142372BBAC001B923B /* MJRefreshViewModel.swift in Sources */,
			);
			runOnlyForDeploymentPostprocessing = 0;
		};
/* End PBXSourcesBuildPhase section */

/* Begin PBXVariantGroup section */
		4C5036A023208BDC008D23A9 /* Main.storyboard */ = {
			isa = PBXVariantGroup;
			children = (
				4C5036A123208BDC008D23A9 /* Base */,
			);
			name = Main.storyboard;
			sourceTree = "<group>";
		};
		4C5036A523208BF1008D23A9 /* LaunchScreen.storyboard */ = {
			isa = PBXVariantGroup;
			children = (
				4C5036A623208BF1008D23A9 /* Base */,
			);
			name = LaunchScreen.storyboard;
			sourceTree = "<group>";
		};
/* End PBXVariantGroup section */

/* Begin XCBuildConfiguration section */
		4C5036A923208BF1008D23A9 /* Debug */ = {
			isa = XCBuildConfiguration;
			buildSettings = {
				ALWAYS_SEARCH_USER_PATHS = NO;
				CLANG_ANALYZER_NONNULL = YES;
				CLANG_ANALYZER_NUMBER_OBJECT_CONVERSION = YES_AGGRESSIVE;
				CLANG_CXX_LANGUAGE_STANDARD = "gnu++14";
				CLANG_CXX_LIBRARY = "libc++";
				CLANG_ENABLE_MODULES = YES;
				CLANG_ENABLE_OBJC_ARC = YES;
				CLANG_ENABLE_OBJC_WEAK = YES;
				CLANG_WARN_BLOCK_CAPTURE_AUTORELEASING = YES;
				CLANG_WARN_BOOL_CONVERSION = YES;
				CLANG_WARN_COMMA = YES;
				CLANG_WARN_CONSTANT_CONVERSION = YES;
				CLANG_WARN_DEPRECATED_OBJC_IMPLEMENTATIONS = YES;
				CLANG_WARN_DIRECT_OBJC_ISA_USAGE = YES_ERROR;
				CLANG_WARN_DOCUMENTATION_COMMENTS = YES;
				CLANG_WARN_EMPTY_BODY = YES;
				CLANG_WARN_ENUM_CONVERSION = YES;
				CLANG_WARN_INFINITE_RECURSION = YES;
				CLANG_WARN_INT_CONVERSION = YES;
				CLANG_WARN_NON_LITERAL_NULL_CONVERSION = YES;
				CLANG_WARN_OBJC_IMPLICIT_RETAIN_SELF = YES;
				CLANG_WARN_OBJC_LITERAL_CONVERSION = YES;
				CLANG_WARN_OBJC_ROOT_CLASS = YES_ERROR;
				CLANG_WARN_RANGE_LOOP_ANALYSIS = YES;
				CLANG_WARN_STRICT_PROTOTYPES = YES;
				CLANG_WARN_SUSPICIOUS_MOVE = YES;
				CLANG_WARN_UNGUARDED_AVAILABILITY = YES_AGGRESSIVE;
				CLANG_WARN_UNREACHABLE_CODE = YES;
				CLANG_WARN__DUPLICATE_METHOD_MATCH = YES;
				CODE_SIGN_IDENTITY = "iPhone Developer";
				COPY_PHASE_STRIP = NO;
				DEBUG_INFORMATION_FORMAT = dwarf;
				ENABLE_STRICT_OBJC_MSGSEND = YES;
				ENABLE_TESTABILITY = YES;
				GCC_C_LANGUAGE_STANDARD = gnu11;
				GCC_DYNAMIC_NO_PIC = NO;
				GCC_NO_COMMON_BLOCKS = YES;
				GCC_OPTIMIZATION_LEVEL = 0;
				GCC_PREPROCESSOR_DEFINITIONS = (
					"DEBUG=1",
					"$(inherited)",
				);
				GCC_WARN_64_TO_32_BIT_CONVERSION = YES;
				GCC_WARN_ABOUT_RETURN_TYPE = YES_ERROR;
				GCC_WARN_UNDECLARED_SELECTOR = YES;
				GCC_WARN_UNINITIALIZED_AUTOS = YES_AGGRESSIVE;
				GCC_WARN_UNUSED_FUNCTION = YES;
				GCC_WARN_UNUSED_VARIABLE = YES;
				IPHONEOS_DEPLOYMENT_TARGET = 12.1;
				MTL_ENABLE_DEBUG_INFO = INCLUDE_SOURCE;
				MTL_FAST_MATH = YES;
				ONLY_ACTIVE_ARCH = YES;
				SDKROOT = iphoneos;
				SWIFT_ACTIVE_COMPILATION_CONDITIONS = DEBUG;
				SWIFT_OPTIMIZATION_LEVEL = "-Onone";
			};
			name = Debug;
		};
		4C5036AA23208BF1008D23A9 /* Release */ = {
			isa = XCBuildConfiguration;
			buildSettings = {
				ALWAYS_SEARCH_USER_PATHS = NO;
				CLANG_ANALYZER_NONNULL = YES;
				CLANG_ANALYZER_NUMBER_OBJECT_CONVERSION = YES_AGGRESSIVE;
				CLANG_CXX_LANGUAGE_STANDARD = "gnu++14";
				CLANG_CXX_LIBRARY = "libc++";
				CLANG_ENABLE_MODULES = YES;
				CLANG_ENABLE_OBJC_ARC = YES;
				CLANG_ENABLE_OBJC_WEAK = YES;
				CLANG_WARN_BLOCK_CAPTURE_AUTORELEASING = YES;
				CLANG_WARN_BOOL_CONVERSION = YES;
				CLANG_WARN_COMMA = YES;
				CLANG_WARN_CONSTANT_CONVERSION = YES;
				CLANG_WARN_DEPRECATED_OBJC_IMPLEMENTATIONS = YES;
				CLANG_WARN_DIRECT_OBJC_ISA_USAGE = YES_ERROR;
				CLANG_WARN_DOCUMENTATION_COMMENTS = YES;
				CLANG_WARN_EMPTY_BODY = YES;
				CLANG_WARN_ENUM_CONVERSION = YES;
				CLANG_WARN_INFINITE_RECURSION = YES;
				CLANG_WARN_INT_CONVERSION = YES;
				CLANG_WARN_NON_LITERAL_NULL_CONVERSION = YES;
				CLANG_WARN_OBJC_IMPLICIT_RETAIN_SELF = YES;
				CLANG_WARN_OBJC_LITERAL_CONVERSION = YES;
				CLANG_WARN_OBJC_ROOT_CLASS = YES_ERROR;
				CLANG_WARN_RANGE_LOOP_ANALYSIS = YES;
				CLANG_WARN_STRICT_PROTOTYPES = YES;
				CLANG_WARN_SUSPICIOUS_MOVE = YES;
				CLANG_WARN_UNGUARDED_AVAILABILITY = YES_AGGRESSIVE;
				CLANG_WARN_UNREACHABLE_CODE = YES;
				CLANG_WARN__DUPLICATE_METHOD_MATCH = YES;
				CODE_SIGN_IDENTITY = "iPhone Developer";
				COPY_PHASE_STRIP = NO;
				DEBUG_INFORMATION_FORMAT = "dwarf-with-dsym";
				ENABLE_NS_ASSERTIONS = NO;
				ENABLE_STRICT_OBJC_MSGSEND = YES;
				GCC_C_LANGUAGE_STANDARD = gnu11;
				GCC_NO_COMMON_BLOCKS = YES;
				GCC_WARN_64_TO_32_BIT_CONVERSION = YES;
				GCC_WARN_ABOUT_RETURN_TYPE = YES_ERROR;
				GCC_WARN_UNDECLARED_SELECTOR = YES;
				GCC_WARN_UNINITIALIZED_AUTOS = YES_AGGRESSIVE;
				GCC_WARN_UNUSED_FUNCTION = YES;
				GCC_WARN_UNUSED_VARIABLE = YES;
				IPHONEOS_DEPLOYMENT_TARGET = 12.1;
				MTL_ENABLE_DEBUG_INFO = NO;
				MTL_FAST_MATH = YES;
				SDKROOT = iphoneos;
				SWIFT_COMPILATION_MODE = wholemodule;
				SWIFT_OPTIMIZATION_LEVEL = "-O";
				VALIDATE_PRODUCT = YES;
			};
			name = Release;
		};
		4C5036AC23208BF1008D23A9 /* Debug */ = {
			isa = XCBuildConfiguration;
			baseConfigurationReference = 238892698BAD8126872B1A32 /* Pods-rxswift-learning.debug.xcconfig */;
			buildSettings = {
				ASSETCATALOG_COMPILER_APPICON_NAME = AppIcon;
				CODE_SIGN_STYLE = Automatic;
				DEVELOPMENT_TEAM = 9WBZ3927W4;
				FRAMEWORK_SEARCH_PATHS = (
					"$(inherited)",
					"$(PROJECT_DIR)/testSwfit/AliSDK",
				);
				HEADER_SEARCH_PATHS = "\"$(SRCROOT)/testSwfit/AliSDK\"";
				INFOPLIST_FILE = testSwfit/Info.plist;
				IPHONEOS_DEPLOYMENT_TARGET = 9.0;
				LD_RUNPATH_SEARCH_PATHS = (
					"$(inherited)",
					"@executable_path/Frameworks",
				);
				LIBRARY_SEARCH_PATHS = (
					"$(inherited)",
					"$(PROJECT_DIR)/testSwfit/AliSDK",
				);
				PRODUCT_BUNDLE_IDENTIFIER = com.yosuns.YSSL;
				PRODUCT_NAME = "$(TARGET_NAME)";
				SWIFT_VERSION = 4.2;
				TARGETED_DEVICE_FAMILY = "1,2";
			};
			name = Debug;
		};
		4C5036AD23208BF1008D23A9 /* Release */ = {
			isa = XCBuildConfiguration;
			baseConfigurationReference = 8017CF8C482AC12AF9E2A444 /* Pods-rxswift-learning.release.xcconfig */;
			buildSettings = {
				ASSETCATALOG_COMPILER_APPICON_NAME = AppIcon;
				CODE_SIGN_STYLE = Automatic;
				DEVELOPMENT_TEAM = 9WBZ3927W4;
				FRAMEWORK_SEARCH_PATHS = (
					"$(inherited)",
					"$(PROJECT_DIR)/testSwfit/AliSDK",
				);
				HEADER_SEARCH_PATHS = "\"$(SRCROOT)/testSwfit/AliSDK\"";
				INFOPLIST_FILE = testSwfit/Info.plist;
				IPHONEOS_DEPLOYMENT_TARGET = 9.0;
				LD_RUNPATH_SEARCH_PATHS = (
					"$(inherited)",
					"@executable_path/Frameworks",
				);
				LIBRARY_SEARCH_PATHS = (
					"$(inherited)",
					"$(PROJECT_DIR)/testSwfit/AliSDK",
				);
				PRODUCT_BUNDLE_IDENTIFIER = com.yosuns.YSSL;
				PRODUCT_NAME = "$(TARGET_NAME)";
				SWIFT_VERSION = 4.2;
				TARGETED_DEVICE_FAMILY = "1,2";
			};
			name = Release;
		};
/* End XCBuildConfiguration section */

/* Begin XCConfigurationList section */
		4C50369423208BDB008D23A9 /* Build configuration list for PBXProject "rxswift-learning" */ = {
			isa = XCConfigurationList;
			buildConfigurations = (
				4C5036A923208BF1008D23A9 /* Debug */,
				4C5036AA23208BF1008D23A9 /* Release */,
			);
			defaultConfigurationIsVisible = 0;
			defaultConfigurationName = Release;
		};
		4C5036AB23208BF1008D23A9 /* Build configuration list for PBXNativeTarget "rxswift-learning" */ = {
			isa = XCConfigurationList;
			buildConfigurations = (
				4C5036AC23208BF1008D23A9 /* Debug */,
				4C5036AD23208BF1008D23A9 /* Release */,
			);
			defaultConfigurationIsVisible = 0;
			defaultConfigurationName = Release;
		};
/* End XCConfigurationList section */
	};
	rootObject = 4C50369123208BDB008D23A9 /* Project object */;
}
